// !$*UTF8*$!
{
	archiveVersion = 1;
	classes = {
	};
	objectVersion = 77;
	objects = {

/* Begin PBXBuildFile section */
		759799D92F2B928700AADBFC /* Assets.xcassets in Resources */ = {isa = PBXBuildFile; fileRef = 759799CF2F2B928700AADBFC /* Assets.xcassets */; };
		759799DA2F2B928700AADBFC /* Country.swift in Sources */ = {isa = PBXBuildFile; fileRef = 759799D02F2B928700AADBFC /* Country.swift */; };
		759799DB2F2B928700AADBFC /* CountryDetail.swift in Sources */ = {isa = PBXBuildFile; fileRef = 759799D12F2B928700AADBFC /* CountryDetail.swift */; };
		759799DC2F2B928700AADBFC /* CountryDetailViewModel.swift in Sources */ = {isa = PBXBuildFile; fileRef = 759799D22F2B928700AADBFC /* CountryDetailViewModel.swift */; };
		759799DD2F2B928700AADBFC /* CountryListView.swift in Sources */ = {isa = PBXBuildFile; fileRef = 759799D32F2B928700AADBFC /* CountryListView.swift */; };
		759799DE2F2B928700AADBFC /* CountryViewModel.swift in Sources */ = {isa = PBXBuildFile; fileRef = 759799D42F2B928700AADBFC /* CountryViewModel.swift */; };
		759799DF2F2B928700AADBFC /* DetailView.swift in Sources */ = {isa = PBXBuildFile; fileRef = 759799D52F2B928700AADBFC /* DetailView.swift */; };
		759799E02F2B928700AADBFC /* Regions.swift in Sources */ = {isa = PBXBuildFile; fileRef = 759799D62F2B928700AADBFC /* Regions.swift */; };
		759799E12F2B928700AADBFC /* World_ExplorerApp.swift in Sources */ = {isa = PBXBuildFile; fileRef = 759799D72F2B928700AADBFC /* World_ExplorerApp.swift */; };
		75979A052F2CDFA800AADBFC /* ContentView.swift in Sources */ = {isa = PBXBuildFile; fileRef = 75979A042F2CDFA800AADBFC /* ContentView.swift */; };
		75979A072F2CE06500AADBFC /* SavedCountriesListView.swift in Sources */ = {isa = PBXBuildFile; fileRef = 75979A062F2CE06500AADBFC /* SavedCountriesListView.swift */; };
		75979A092F2CEECB00AADBFC /* OnboardingPageView.swift in Sources */ = {isa = PBXBuildFile; fileRef = 75979A082F2CEECB00AADBFC /* OnboardingPageView.swift */; };
		75979A0B2F2CEF1300AADBFC /* OnboardingView.swift in Sources */ = {isa = PBXBuildFile; fileRef = 75979A0A2F2CEF1300AADBFC /* OnboardingView.swift */; };
/* End PBXBuildFile section */

/* Begin PBXFileReference section */
		759799772F28C5A100AADBFC /* World Explorer.app */ = {isa = PBXFileReference; explicitFileType = wrapper.application; includeInIndex = 0; path = "World Explorer.app"; sourceTree = BUILT_PRODUCTS_DIR; };
		759799CF2F2B928700AADBFC /* Assets.xcassets */ = {isa = PBXFileReference; lastKnownFileType = folder.assetcatalog; path = Assets.xcassets; sourceTree = "<group>"; };
		759799D02F2B928700AADBFC /* Country.swift */ = {isa = PBXFileReference; lastKnownFileType = sourcecode.swift; path = Country.swift; sourceTree = "<group>"; };
		759799D12F2B928700AADBFC /* CountryDetail.swift */ = {isa = PBXFileReference; lastKnownFileType = sourcecode.swift; path = CountryDetail.swift; sourceTree = "<group>"; };
		759799D22F2B928700AADBFC /* CountryDetailViewModel.swift */ = {isa = PBXFileReference; lastKnownFileType = sourcecode.swift; path = CountryDetailViewModel.swift; sourceTree = "<group>"; };
		759799D32F2B928700AADBFC /* CountryListView.swift */ = {isa = PBXFileReference; lastKnownFileType = sourcecode.swift; path = CountryListView.swift; sourceTree = "<group>"; };
		759799D42F2B928700AADBFC /* CountryViewModel.swift */ = {isa = PBXFileReference; lastKnownFileType = sourcecode.swift; path = CountryViewModel.swift; sourceTree = "<group>"; };
		759799D52F2B928700AADBFC /* DetailView.swift */ = {isa = PBXFileReference; lastKnownFileType = sourcecode.swift; path = DetailView.swift; sourceTree = "<group>"; };
		759799D62F2B928700AADBFC /* Regions.swift */ = {isa = PBXFileReference; lastKnownFileType = sourcecode.swift; path = Regions.swift; sourceTree = "<group>"; };
		759799D72F2B928700AADBFC /* World_ExplorerApp.swift */ = {isa = PBXFileReference; lastKnownFileType = sourcecode.swift; path = World_ExplorerApp.swift; sourceTree = "<group>"; };
		75979A042F2CDFA800AADBFC /* ContentView.swift */ = {isa = PBXFileReference; lastKnownFileType = sourcecode.swift; path = ContentView.swift; sourceTree = "<group>"; };
		75979A062F2CE06500AADBFC /* SavedCountriesListView.swift */ = {isa = PBXFileReference; lastKnownFileType = sourcecode.swift; path = SavedCountriesListView.swift; sourceTree = "<group>"; };
		75979A082F2CEECB00AADBFC /* OnboardingPageView.swift */ = {isa = PBXFileReference; lastKnownFileType = sourcecode.swift; path = OnboardingPageView.swift; sourceTree = "<group>"; };
		75979A0A2F2CEF1300AADBFC /* OnboardingView.swift */ = {isa = PBXFileReference; lastKnownFileType = sourcecode.swift; path = OnboardingView.swift; sourceTree = "<group>"; };
/* End PBXFileReference section */

/* Begin PBXFrameworksBuildPhase section */
		759799742F28C5A100AADBFC /* Frameworks */ = {
			isa = PBXFrameworksBuildPhase;
			buildActionMask = 2147483647;
			files = (
			);
			runOnlyForDeploymentPostprocessing = 0;
		};
/* End PBXFrameworksBuildPhase section */

/* Begin PBXGroup section */
		7597996E2F28C5A100AADBFC = {
			isa = PBXGroup;
			children = (
				759799D82F2B928700AADBFC /* World Explorer */,
				759799782F28C5A100AADBFC /* Products */,
			);
			sourceTree = "<group>";
		};
		759799782F28C5A100AADBFC /* Products */ = {
			isa = PBXGroup;
			children = (
				759799772F28C5A100AADBFC /* World Explorer.app */,
			);
			name = Products;
			sourceTree = "<group>";
		};
		759799D82F2B928700AADBFC /* World Explorer */ = {
			isa = PBXGroup;
			children = (
				759799CF2F2B928700AADBFC /* Assets.xcassets */,
				759799E22F2B929200AADBFC /* Models */,
				759799E32F2B92BB00AADBFC /* View */,
				759799E42F2B92FA00AADBFC /* ViewModel */,
				759799D72F2B928700AADBFC /* World_ExplorerApp.swift */,
			);
			path = "World Explorer";
			sourceTree = "<group>";
		};
		759799E22F2B929200AADBFC /* Models */ = {
			isa = PBXGroup;
			children = (
				759799D02F2B928700AADBFC /* Country.swift */,
				759799D12F2B928700AADBFC /* CountryDetail.swift */,
				759799D62F2B928700AADBFC /* Regions.swift */,
			);
			path = Models;
			sourceTree = "<group>";
		};
		759799E32F2B92BB00AADBFC /* View */ = {
			isa = PBXGroup;
			children = (
				759799D32F2B928700AADBFC /* CountryListView.swift */,
				75979A042F2CDFA800AADBFC /* ContentView.swift */,
				75979A082F2CEECB00AADBFC /* OnboardingPageView.swift */,
				75979A0A2F2CEF1300AADBFC /* OnboardingView.swift */,
				759799D52F2B928700AADBFC /* DetailView.swift */,
				75979A062F2CE06500AADBFC /* SavedCountriesListView.swift */,
			);
			path = View;
			sourceTree = "<group>";
		};
		759799E42F2B92FA00AADBFC /* ViewModel */ = {
			isa = PBXGroup;
			children = (
				759799D22F2B928700AADBFC /* CountryDetailViewModel.swift */,
				759799D42F2B928700AADBFC /* CountryViewModel.swift */,
			);
			path = ViewModel;
			sourceTree = "<group>";
		};
/* End PBXGroup section */

/* Begin PBXNativeTarget section */
		759799762F28C5A100AADBFC /* World Explorer */ = {
			isa = PBXNativeTarget;
			buildConfigurationList = 759799822F28C5A200AADBFC /* Build configuration list for PBXNativeTarget "World Explorer" */;
			buildPhases = (
				759799732F28C5A100AADBFC /* Sources */,
				759799742F28C5A100AADBFC /* Frameworks */,
				759799752F28C5A100AADBFC /* Resources */,
			);
			buildRules = (
			);
			dependencies = (
			);
			name = "World Explorer";
			packageProductDependencies = (
			);
			productName = "World Explorer";
			productReference = 759799772F28C5A100AADBFC /* World Explorer.app */;
			productType = "com.apple.product-type.application";
		};
/* End PBXNativeTarget section */

/* Begin PBXProject section */
		7597996F2F28C5A100AADBFC /* Project object */ = {
			isa = PBXProject;
			attributes = {
				BuildIndependentTargetsInParallel = 1;
				LastSwiftUpdateCheck = 2610;
				LastUpgradeCheck = 2610;
				TargetAttributes = {
					759799762F28C5A100AADBFC = {
						CreatedOnToolsVersion = 26.1.1;
					};
				};
			};
			buildConfigurationList = 759799722F28C5A100AADBFC /* Build configuration list for PBXProject "World Explorer" */;
			developmentRegion = en;
			hasScannedForEncodings = 0;
			knownRegions = (
				en,
				Base,
			);
			mainGroup = 7597996E2F28C5A100AADBFC;
			minimizedProjectReferenceProxies = 1;
			preferredProjectObjectVersion = 77;
			productRefGroup = 759799782F28C5A100AADBFC /* Products */;
			projectDirPath = "";
			projectRoot = "";
			targets = (
				759799762F28C5A100AADBFC /* World Explorer */,
			);
		};
/* End PBXProject section */

/* Begin PBXResourcesBuildPhase section */
		759799752F28C5A100AADBFC /* Resources */ = {
			isa = PBXResourcesBuildPhase;
			buildActionMask = 2147483647;
			files = (
				759799D92F2B928700AADBFC /* Assets.xcassets in Resources */,
			);
			runOnlyForDeploymentPostprocessing = 0;
		};
/* End PBXResourcesBuildPhase section */

/* Begin PBXSourcesBuildPhase section */
		759799732F28C5A100AADBFC /* Sources */ = {
			isa = PBXSourcesBuildPhase;
			buildActionMask = 2147483647;
			files = (
				759799DA2F2B928700AADBFC /* Country.swift in Sources */,
				75979A072F2CE06500AADBFC /* SavedCountriesListView.swift in Sources */,
				759799DB2F2B928700AADBFC /* CountryDetail.swift in Sources */,
				759799DC2F2B928700AADBFC /* CountryDetailViewModel.swift in Sources */,
				759799DD2F2B928700AADBFC /* CountryListView.swift in Sources */,
				75979A092F2CEECB00AADBFC /* OnboardingPageView.swift in Sources */,
				759799DE2F2B928700AADBFC /* CountryViewModel.swift in Sources */,
				75979A052F2CDFA800AADBFC /* ContentView.swift in Sources */,
				759799DF2F2B928700AADBFC /* DetailView.swift in Sources */,
				75979A0B2F2CEF1300AADBFC /* OnboardingView.swift in Sources */,
				759799E02F2B928700AADBFC /* Regions.swift in Sources */,
				759799E12F2B928700AADBFC /* World_ExplorerApp.swift in Sources */,
			);
			runOnlyForDeploymentPostprocessing = 0;
		};
/* End PBXSourcesBuildPhase section */

/* Begin XCBuildConfiguration section */
		759799802F28C5A200AADBFC /* Debug */ = {
			isa = XCBuildConfiguration;
			buildSettings = {
				ALWAYS_SEARCH_USER_PATHS = NO;
				ASSETCATALOG_COMPILER_GENERATE_SWIFT_ASSET_SYMBOL_EXTENSIONS = YES;
				CLANG_ANALYZER_NONNULL = YES;
				CLANG_ANALYZER_NUMBER_OBJECT_CONVERSION = YES_AGGRESSIVE;
				CLANG_CXX_LANGUAGE_STANDARD = "gnu++20";
				CLANG_ENABLE_MODULES = YES;
				CLANG_ENABLE_OBJC_ARC = YES;
				CLANG_ENABLE_OBJC_WEAK = YES;
				CLANG_WARN_BLOCK_CAPTURE_AUTORELEASING = YES;
				CLANG_WARN_BOOL_CONVERSION = YES;
				CLANG_WARN_COMMA = YES;
				CLANG_WARN_CONSTANT_CONVERSION = YES;
				CLANG_WARN_DEPRECATED_OBJC_IMPLEMENTATIONS = YES;
				CLANG_WARN_DIRECT_OBJC_ISA_USAGE = YES_ERROR;
				CLANG_WARN_DOCUMENTATION_COMMENTS = YES;
				CLANG_WARN_EMPTY_BODY = YES;
				CLANG_WARN_ENUM_CONVERSION = YES;
				CLANG_WARN_INFINITE_RECURSION = YES;
				CLANG_WARN_INT_CONVERSION = YES;
				CLANG_WARN_NON_LITERAL_NULL_CONVERSION = YES;
				CLANG_WARN_OBJC_IMPLICIT_RETAIN_SELF = YES;
				CLANG_WARN_OBJC_LITERAL_CONVERSION = YES;
				CLANG_WARN_OBJC_ROOT_CLASS = YES_ERROR;
				CLANG_WARN_QUOTED_INCLUDE_IN_FRAMEWORK_HEADER = YES;
				CLANG_WARN_RANGE_LOOP_ANALYSIS = YES;
				CLANG_WARN_STRICT_PROTOTYPES = YES;
				CLANG_WARN_SUSPICIOUS_MOVE = YES;
				CLANG_WARN_UNGUARDED_AVAILABILITY = YES_AGGRESSIVE;
				CLANG_WARN_UNREACHABLE_CODE = YES;
				CLANG_WARN__DUPLICATE_METHOD_MATCH = YES;
				COPY_PHASE_STRIP = NO;
				DEBUG_INFORMATION_FORMAT = dwarf;
				ENABLE_STRICT_OBJC_MSGSEND = YES;
				ENABLE_TESTABILITY = YES;
				ENABLE_USER_SCRIPT_SANDBOXING = YES;
				GCC_C_LANGUAGE_STANDARD = gnu17;
				GCC_DYNAMIC_NO_PIC = NO;
				GCC_NO_COMMON_BLOCKS = YES;
				GCC_OPTIMIZATION_LEVEL = 0;
				GCC_PREPROCESSOR_DEFINITIONS = (
					"DEBUG=1",
					"$(inherited)",
				);
				GCC_WARN_64_TO_32_BIT_CONVERSION = YES;
				GCC_WARN_ABOUT_RETURN_TYPE = YES_ERROR;
				GCC_WARN_UNDECLARED_SELECTOR = YES;
				GCC_WARN_UNINITIALIZED_AUTOS = YES_AGGRESSIVE;
				GCC_WARN_UNUSED_FUNCTION = YES;
				GCC_WARN_UNUSED_VARIABLE = YES;
				IPHONEOS_DEPLOYMENT_TARGET = 26.1;
				LOCALIZATION_PREFERS_STRING_CATALOGS = YES;
				MTL_ENABLE_DEBUG_INFO = INCLUDE_SOURCE;
				MTL_FAST_MATH = YES;
				ONLY_ACTIVE_ARCH = YES;
				SDKROOT = iphoneos;
				SWIFT_ACTIVE_COMPILATION_CONDITIONS = "DEBUG $(inherited)";
				SWIFT_OPTIMIZATION_LEVEL = "-Onone";
			};
			name = Debug;
		};
		759799812F28C5A200AADBFC /* Release */ = {
			isa = XCBuildConfiguration;
			buildSettings = {
				ALWAYS_SEARCH_USER_PATHS = NO;
				ASSETCATALOG_COMPILER_GENERATE_SWIFT_ASSET_SYMBOL_EXTENSIONS = YES;
				CLANG_ANALYZER_NONNULL = YES;
				CLANG_ANALYZER_NUMBER_OBJECT_CONVERSION = YES_AGGRESSIVE;
				CLANG_CXX_LANGUAGE_STANDARD = "gnu++20";
				CLANG_ENABLE_MODULES = YES;
				CLANG_ENABLE_OBJC_ARC = YES;
				CLANG_ENABLE_OBJC_WEAK = YES;
				CLANG_WARN_BLOCK_CAPTURE_AUTORELEASING = YES;
				CLANG_WARN_BOOL_CONVERSION = YES;
				CLANG_WARN_COMMA = YES;
				CLANG_WARN_CONSTANT_CONVERSION = YES;
				CLANG_WARN_DEPRECATED_OBJC_IMPLEMENTATIONS = YES;
				CLANG_WARN_DIRECT_OBJC_ISA_USAGE = YES_ERROR;
				CLANG_WARN_DOCUMENTATION_COMMENTS = YES;
				CLANG_WARN_EMPTY_BODY = YES;
				CLANG_WARN_ENUM_CONVERSION = YES;
				CLANG_WARN_INFINITE_RECURSION = YES;
				CLANG_WARN_INT_CONVERSION = YES;
				CLANG_WARN_NON_LITERAL_NULL_CONVERSION = YES;
				CLANG_WARN_OBJC_IMPLICIT_RETAIN_SELF = YES;
				CLANG_WARN_OBJC_LITERAL_CONVERSION = YES;
				CLANG_WARN_OBJC_ROOT_CLASS = YES_ERROR;
				CLANG_WARN_QUOTED_INCLUDE_IN_FRAMEWORK_HEADER = YES;
				CLANG_WARN_RANGE_LOOP_ANALYSIS = YES;
				CLANG_WARN_STRICT_PROTOTYPES = YES;
				CLANG_WARN_SUSPICIOUS_MOVE = YES;
				CLANG_WARN_UNGUARDED_AVAILABILITY = YES_AGGRESSIVE;
				CLANG_WARN_UNREACHABLE_CODE = YES;
				CLANG_WARN__DUPLICATE_METHOD_MATCH = YES;
				COPY_PHASE_STRIP = NO;
				DEBUG_INFORMATION_FORMAT = "dwarf-with-dsym";
				ENABLE_NS_ASSERTIONS = NO;
				ENABLE_STRICT_OBJC_MSGSEND = YES;
				ENABLE_USER_SCRIPT_SANDBOXING = YES;
				GCC_C_LANGUAGE_STANDARD = gnu17;
				GCC_NO_COMMON_BLOCKS = YES;
				GCC_WARN_64_TO_32_BIT_CONVERSION = YES;
				GCC_WARN_ABOUT_RETURN_TYPE = YES_ERROR;
				GCC_WARN_UNDECLARED_SELECTOR = YES;
				GCC_WARN_UNINITIALIZED_AUTOS = YES_AGGRESSIVE;
				GCC_WARN_UNUSED_FUNCTION = YES;
				GCC_WARN_UNUSED_VARIABLE = YES;
				IPHONEOS_DEPLOYMENT_TARGET = 26.1;
				LOCALIZATION_PREFERS_STRING_CATALOGS = YES;
				MTL_ENABLE_DEBUG_INFO = NO;
				MTL_FAST_MATH = YES;
				SDKROOT = iphoneos;
				SWIFT_COMPILATION_MODE = wholemodule;
				VALIDATE_PRODUCT = YES;
			};
			name = Release;
		};
		759799832F28C5A200AADBFC /* Debug */ = {
			isa = XCBuildConfiguration;
			buildSettings = {
				ASSETCATALOG_COMPILER_APPICON_NAME = AppIcon;
				ASSETCATALOG_COMPILER_GLOBAL_ACCENT_COLOR_NAME = AccentColor;
				CODE_SIGN_STYLE = Automatic;
				CURRENT_PROJECT_VERSION = 1;
				ENABLE_PREVIEWS = YES;
				GENERATE_INFOPLIST_FILE = YES;
				INFOPLIST_FILE = "World-Explorer-Info.plist";
				INFOPLIST_KEY_UIApplicationSceneManifest_Generation = YES;
				INFOPLIST_KEY_UIApplicationSupportsIndirectInputEvents = YES;
				INFOPLIST_KEY_UISupportedInterfaceOrientations_iPad = "UIInterfaceOrientationPortrait UIInterfaceOrientationPortraitUpsideDown UIInterfaceOrientationLandscapeLeft UIInterfaceOrientationLandscapeRight";
				INFOPLIST_KEY_UISupportedInterfaceOrientations_iPhone = "UIInterfaceOrientationPortrait UIInterfaceOrientationLandscapeLeft UIInterfaceOrientationLandscapeRight";
				LD_RUNPATH_SEARCH_PATHS = (
					"$(inherited)",
					"@executable_path/Frameworks",
				);
				MARKETING_VERSION = 1.0;
				PRODUCT_BUNDLE_IDENTIFIER = "com.cemAksoy.World-Explorer";
				PRODUCT_NAME = "$(TARGET_NAME)";
				STRING_CATALOG_GENERATE_SYMBOLS = YES;
				SWIFT_APPROACHABLE_CONCURRENCY = YES;
				SWIFT_DEFAULT_ACTOR_ISOLATION = MainActor;
				SWIFT_EMIT_LOC_STRINGS = YES;
				SWIFT_UPCOMING_FEATURE_MEMBER_IMPORT_VISIBILITY = YES;
				SWIFT_VERSION = 5.0;
				TARGETED_DEVICE_FAMILY = "1,2";
			};
			name = Debug;
		};
		759799842F28C5A200AADBFC /* Release */ = {
			isa = XCBuildConfiguration;
			buildSettings = {
				ASSETCATALOG_COMPILER_APPICON_NAME = AppIcon;
				ASSETCATALOG_COMPILER_GLOBAL_ACCENT_COLOR_NAME = AccentColor;
				CODE_SIGN_STYLE = Automatic;
				CURRENT_PROJECT_VERSION = 1;
				ENABLE_PREVIEWS = YES;
				GENERATE_INFOPLIST_FILE = YES;
				INFOPLIST_FILE = "World-Explorer-Info.plist";
				INFOPLIST_KEY_UIApplicationSceneManifest_Generation = YES;
				INFOPLIST_KEY_UIApplicationSupportsIndirectInputEvents = YES;
				INFOPLIST_KEY_UISupportedInterfaceOrientations_iPad = "UIInterfaceOrientationPortrait UIInterfaceOrientationPortraitUpsideDown UIInterfaceOrientationLandscapeLeft UIInterfaceOrientationLandscapeRight";
				INFOPLIST_KEY_UISupportedInterfaceOrientations_iPhone = "UIInterfaceOrientationPortrait UIInterfaceOrientationLandscapeLeft UIInterfaceOrientationLandscapeRight";
				LD_RUNPATH_SEARCH_PATHS = (
					"$(inherited)",
					"@executable_path/Frameworks",
				);
				MARKETING_VERSION = 1.0;
				PRODUCT_BUNDLE_IDENTIFIER = "com.cemAksoy.World-Explorer";
				PRODUCT_NAME = "$(TARGET_NAME)";
				STRING_CATALOG_GENERATE_SYMBOLS = YES;
				SWIFT_APPROACHABLE_CONCURRENCY = YES;
				SWIFT_DEFAULT_ACTOR_ISOLATION = MainActor;
				SWIFT_EMIT_LOC_STRINGS = YES;
				SWIFT_UPCOMING_FEATURE_MEMBER_IMPORT_VISIBILITY = YES;
				SWIFT_VERSION = 5.0;
				TARGETED_DEVICE_FAMILY = "1,2";
			};
			name = Release;
		};
/* End XCBuildConfiguration section */

/* Begin XCConfigurationList section */
		759799722F28C5A100AADBFC /* Build configuration list for PBXProject "World Explorer" */ = {
			isa = XCConfigurationList;
			buildConfigurations = (
				759799802F28C5A200AADBFC /* Debug */,
				759799812F28C5A200AADBFC /* Release */,
			);
			defaultConfigurationIsVisible = 0;
			defaultConfigurationName = Release;
		};
		759799822F28C5A200AADBFC /* Build configuration list for PBXNativeTarget "World Explorer" */ = {
			isa = XCConfigurationList;
			buildConfigurations = (
				759799832F28C5A200AADBFC /* Debug */,
				759799842F28C5A200AADBFC /* Release */,
			);
			defaultConfigurationIsVisible = 0;
			defaultConfigurationName = Release;
		};
/* End XCConfigurationList section */
	};
	rootObject = 7597996F2F28C5A100AADBFC /* Project object */;
}
